// !$*UTF8*$!
{
	archiveVersion = 1;
	classes = {
	};
	objectVersion = 46;
	objects = {

/* Begin PBXBuildFile section */
		A0EB439716CBFCF100043896 /* UIKit.framework in Frameworks */ = {isa = PBXBuildFile; fileRef = A0EB439616CBFCF100043896 /* UIKit.framework */; };
		A0EB439916CBFCF100043896 /* Foundation.framework in Frameworks */ = {isa = PBXBuildFile; fileRef = A0EB439816CBFCF100043896 /* Foundation.framework */; };
		A0EB439B16CBFCF100043896 /* CoreGraphics.framework in Frameworks */ = {isa = PBXBuildFile; fileRef = A0EB439A16CBFCF100043896 /* CoreGraphics.framework */; };
		A0EB43A116CBFCF100043896 /* InfoPlist.strings in Resources */ = {isa = PBXBuildFile; fileRef = A0EB439F16CBFCF100043896 /* InfoPlist.strings */; };
		A0EB43A316CBFCF100043896 /* main.m in Sources */ = {isa = PBXBuildFile; fileRef = A0EB43A216CBFCF100043896 /* main.m */; };
		A0EB43A716CBFCF100043896 /* PARAppDelegate.m in Sources */ = {isa = PBXBuildFile; fileRef = A0EB43A616CBFCF100043896 /* PARAppDelegate.m */; };
		A0EB43A916CBFCF100043896 /* Default.png in Resources */ = {isa = PBXBuildFile; fileRef = A0EB43A816CBFCF100043896 /* Default.png */; };
		A0EB43AB16CBFCF100043896 /* Default@2x.png in Resources */ = {isa = PBXBuildFile; fileRef = A0EB43AA16CBFCF100043896 /* Default@2x.png */; };
		A0EB43AD16CBFCF100043896 /* Default-568h@2x.png in Resources */ = {isa = PBXBuildFile; fileRef = A0EB43AC16CBFCF100043896 /* Default-568h@2x.png */; };
		A0EB43B016CBFCF100043896 /* PARViewController.m in Sources */ = {isa = PBXBuildFile; fileRef = A0EB43AF16CBFCF100043896 /* PARViewController.m */; };
		A0EB43B316CBFCF100043896 /* PARViewController.xib in Resources */ = {isa = PBXBuildFile; fileRef = A0EB43B116CBFCF100043896 /* PARViewController.xib */; };
		A0EB43CD16CBFD9800043896 /* ipad_about_active.png in Resources */ = {isa = PBXBuildFile; fileRef = A0EB43C516CBFD9800043896 /* ipad_about_active.png */; };
		A0EB43CE16CBFD9800043896 /* ipad_about.png in Resources */ = {isa = PBXBuildFile; fileRef = A0EB43C616CBFD9800043896 /* ipad_about.png */; };
		A0EB43CF16CBFD9800043896 /* ipad_plan_active.png in Resources */ = {isa = PBXBuildFile; fileRef = A0EB43C716CBFD9800043896 /* ipad_plan_active.png */; };
		A0EB43D016CBFD9800043896 /* ipad_plan.png in Resources */ = {isa = PBXBuildFile; fileRef = A0EB43C816CBFD9800043896 /* ipad_plan.png */; };
		A0EB43D116CBFD9800043896 /* ipad_settings_active.png in Resources */ = {isa = PBXBuildFile; fileRef = A0EB43C916CBFD9800043896 /* ipad_settings_active.png */; };
		A0EB43D216CBFD9800043896 /* ipad_settings.png in Resources */ = {isa = PBXBuildFile; fileRef = A0EB43CA16CBFD9800043896 /* ipad_settings.png */; };
		A0EB43D316CBFD9800043896 /* ipad_share_active.png in Resources */ = {isa = PBXBuildFile; fileRef = A0EB43CB16CBFD9800043896 /* ipad_share_active.png */; };
		A0EB43D416CBFD9800043896 /* ipad_share.png in Resources */ = {isa = PBXBuildFile; fileRef = A0EB43CC16CBFD9800043896 /* ipad_share.png */; };
		A0EB43DD16CBFDA700043896 /* ipad_about_active@2x.png in Resources */ = {isa = PBXBuildFile; fileRef = A0EB43D516CBFDA700043896 /* ipad_about_active@2x.png */; };
		A0EB43DE16CBFDA700043896 /* ipad_about@2x.png in Resources */ = {isa = PBXBuildFile; fileRef = A0EB43D616CBFDA700043896 /* ipad_about@2x.png */; };
		A0EB43DF16CBFDA700043896 /* ipad_plan_active@2x.png in Resources */ = {isa = PBXBuildFile; fileRef = A0EB43D716CBFDA700043896 /* ipad_plan_active@2x.png */; };
		A0EB43E016CBFDA700043896 /* ipad_plan@2x.png in Resources */ = {isa = PBXBuildFile; fileRef = A0EB43D816CBFDA700043896 /* ipad_plan@2x.png */; };
		A0EB43E116CBFDA700043896 /* ipad_settings_active@2x.png in Resources */ = {isa = PBXBuildFile; fileRef = A0EB43D916CBFDA700043896 /* ipad_settings_active@2x.png */; };
		A0EB43E216CBFDA700043896 /* ipad_settings@2x.png in Resources */ = {isa = PBXBuildFile; fileRef = A0EB43DA16CBFDA700043896 /* ipad_settings@2x.png */; };
		A0EB43E316CBFDA700043896 /* ipad_share_active@2x.png in Resources */ = {isa = PBXBuildFile; fileRef = A0EB43DB16CBFDA700043896 /* ipad_share_active@2x.png */; };
		A0EB43E416CBFDA700043896 /* ipad_share@2x.png in Resources */ = {isa = PBXBuildFile; fileRef = A0EB43DC16CBFDA700043896 /* ipad_share@2x.png */; };
		A0EB43E716CBFDD400043896 /* about_active_black.png in Resources */ = {isa = PBXBuildFile; fileRef = A0EB43E516CBFDD400043896 /* about_active_black.png */; };
		A0EB43E816CBFDD400043896 /* about_normal_black.png in Resources */ = {isa = PBXBuildFile; fileRef = A0EB43E616CBFDD400043896 /* about_normal_black.png */; };
		A0EB43EB16CBFDE000043896 /* about_active_black@2x.png in Resources */ = {isa = PBXBuildFile; fileRef = A0EB43E916CBFDE000043896 /* about_active_black@2x.png */; };
		A0EB43EC16CBFDE000043896 /* about_normal_black@2x.png in Resources */ = {isa = PBXBuildFile; fileRef = A0EB43EA16CBFDE000043896 /* about_normal_black@2x.png */; };
		A0EB43EF16CBFE2800043896 /* plan_active_black.png in Resources */ = {isa = PBXBuildFile; fileRef = A0EB43ED16CBFE2800043896 /* plan_active_black.png */; };
		A0EB43F016CBFE2800043896 /* plan_normal_black.png in Resources */ = {isa = PBXBuildFile; fileRef = A0EB43EE16CBFE2800043896 /* plan_normal_black.png */; };
		A0EB43F316CBFE9D00043896 /* plan_active_black@2x.png in Resources */ = {isa = PBXBuildFile; fileRef = A0EB43F116CBFE9D00043896 /* plan_active_black@2x.png */; };
		A0EB43F416CBFE9D00043896 /* plan_normal_black@2x.png in Resources */ = {isa = PBXBuildFile; fileRef = A0EB43F216CBFE9D00043896 /* plan_normal_black@2x.png */; };
		A0EB43F716CBFEE900043896 /* settings_active_black.png in Resources */ = {isa = PBXBuildFile; fileRef = A0EB43F516CBFEE900043896 /* settings_active_black.png */; };
		A0EB43F816CBFEE900043896 /* settings_normal_black.png in Resources */ = {isa = PBXBuildFile; fileRef = A0EB43F616CBFEE900043896 /* settings_normal_black.png */; };
		A0EB43FB16CBFEFC00043896 /* settings_active_black@2x.png in Resources */ = {isa = PBXBuildFile; fileRef = A0EB43F916CBFEFC00043896 /* settings_active_black@2x.png */; };
		A0EB43FC16CBFEFC00043896 /* settings_normal_black@2x.png in Resources */ = {isa = PBXBuildFile; fileRef = A0EB43FA16CBFEFC00043896 /* settings_normal_black@2x.png */; };
		A0EB43FF16CBFF1800043896 /* share_active_black.png in Resources */ = {isa = PBXBuildFile; fileRef = A0EB43FD16CBFF1800043896 /* share_active_black.png */; };
		A0EB440016CBFF1800043896 /* share_normal_black.png in Resources */ = {isa = PBXBuildFile; fileRef = A0EB43FE16CBFF1800043896 /* share_normal_black.png */; };
		A0EB440316CBFF1E00043896 /* share_active_black@2x.png in Resources */ = {isa = PBXBuildFile; fileRef = A0EB440116CBFF1E00043896 /* share_active_black@2x.png */; };
		A0EB440416CBFF1E00043896 /* share_normal_black@2x.png in Resources */ = {isa = PBXBuildFile; fileRef = A0EB440216CBFF1E00043896 /* share_normal_black@2x.png */; };
		A0EB440716CBFF8000043896 /* PARTabBar.m in Sources */ = {isa = PBXBuildFile; fileRef = A0EB440616CBFF8000043896 /* PARTabBar.m */; };
/* End PBXBuildFile section */

/* Begin PBXFileReference section */
		A0EB439216CBFCF100043896 /* PARTabBar.app */ = {isa = PBXFileReference; explicitFileType = wrapper.application; includeInIndex = 0; path = PARTabBar.app; sourceTree = BUILT_PRODUCTS_DIR; };
		A0EB439616CBFCF100043896 /* UIKit.framework */ = {isa = PBXFileReference; lastKnownFileType = wrapper.framework; name = UIKit.framework; path = System/Library/Frameworks/UIKit.framework; sourceTree = SDKROOT; };
		A0EB439816CBFCF100043896 /* Foundation.framework */ = {isa = PBXFileReference; lastKnownFileType = wrapper.framework; name = Foundation.framework; path = System/Library/Frameworks/Foundation.framework; sourceTree = SDKROOT; };
		A0EB439A16CBFCF100043896 /* CoreGraphics.framework */ = {isa = PBXFileReference; lastKnownFileType = wrapper.framework; name = CoreGraphics.framework; path = System/Library/Frameworks/CoreGraphics.framework; sourceTree = SDKROOT; };
		A0EB439E16CBFCF100043896 /* PARTabBar-Info.plist */ = {isa = PBXFileReference; lastKnownFileType = text.plist.xml; path = "PARTabBar-Info.plist"; sourceTree = "<group>"; };
		A0EB43A016CBFCF100043896 /* en */ = {isa = PBXFileReference; lastKnownFileType = text.plist.strings; name = en; path = en.lproj/InfoPlist.strings; sourceTree = "<group>"; };
		A0EB43A216CBFCF100043896 /* main.m */ = {isa = PBXFileReference; lastKnownFileType = sourcecode.c.objc; path = main.m; sourceTree = "<group>"; };
		A0EB43A416CBFCF100043896 /* PARTabBar-Prefix.pch */ = {isa = PBXFileReference; lastKnownFileType = sourcecode.c.h; path = "PARTabBar-Prefix.pch"; sourceTree = "<group>"; };
		A0EB43A516CBFCF100043896 /* PARAppDelegate.h */ = {isa = PBXFileReference; lastKnownFileType = sourcecode.c.h; path = PARAppDelegate.h; sourceTree = "<group>"; };
		A0EB43A616CBFCF100043896 /* PARAppDelegate.m */ = {isa = PBXFileReference; lastKnownFileType = sourcecode.c.objc; path = PARAppDelegate.m; sourceTree = "<group>"; };
		A0EB43A816CBFCF100043896 /* Default.png */ = {isa = PBXFileReference; lastKnownFileType = image.png; path = Default.png; sourceTree = "<group>"; };
		A0EB43AA16CBFCF100043896 /* Default@2x.png */ = {isa = PBXFileReference; lastKnownFileType = image.png; path = "Default@2x.png"; sourceTree = "<group>"; };
		A0EB43AC16CBFCF100043896 /* Default-568h@2x.png */ = {isa = PBXFileReference; lastKnownFileType = image.png; path = "Default-568h@2x.png"; sourceTree = "<group>"; };
		A0EB43AE16CBFCF100043896 /* PARViewController.h */ = {isa = PBXFileReference; lastKnownFileType = sourcecode.c.h; path = PARViewController.h; sourceTree = "<group>"; };
		A0EB43AF16CBFCF100043896 /* PARViewController.m */ = {isa = PBXFileReference; lastKnownFileType = sourcecode.c.objc; path = PARViewController.m; sourceTree = "<group>"; };
		A0EB43B216CBFCF100043896 /* en */ = {isa = PBXFileReference; lastKnownFileType = file.xib; name = en; path = en.lproj/PARViewController.xib; sourceTree = "<group>"; };
		A0EB43C516CBFD9800043896 /* ipad_about_active.png */ = {isa = PBXFileReference; lastKnownFileType = image.png; path = ipad_about_active.png; sourceTree = "<group>"; };
		A0EB43C616CBFD9800043896 /* ipad_about.png */ = {isa = PBXFileReference; lastKnownFileType = image.png; path = ipad_about.png; sourceTree = "<group>"; };
		A0EB43C716CBFD9800043896 /* ipad_plan_active.png */ = {isa = PBXFileReference; lastKnownFileType = image.png; path = ipad_plan_active.png; sourceTree = "<group>"; };
		A0EB43C816CBFD9800043896 /* ipad_plan.png */ = {isa = PBXFileReference; lastKnownFileType = image.png; path = ipad_plan.png; sourceTree = "<group>"; };
		A0EB43C916CBFD9800043896 /* ipad_settings_active.png */ = {isa = PBXFileReference; lastKnownFileType = image.png; path = ipad_settings_active.png; sourceTree = "<group>"; };
		A0EB43CA16CBFD9800043896 /* ipad_settings.png */ = {isa = PBXFileReference; lastKnownFileType = image.png; path = ipad_settings.png; sourceTree = "<group>"; };
		A0EB43CB16CBFD9800043896 /* ipad_share_active.png */ = {isa = PBXFileReference; lastKnownFileType = image.png; path = ipad_share_active.png; sourceTree = "<group>"; };
		A0EB43CC16CBFD9800043896 /* ipad_share.png */ = {isa = PBXFileReference; lastKnownFileType = image.png; path = ipad_share.png; sourceTree = "<group>"; };
		A0EB43D516CBFDA700043896 /* ipad_about_active@2x.png */ = {isa = PBXFileReference; lastKnownFileType = image.png; path = "ipad_about_active@2x.png"; sourceTree = "<group>"; };
		A0EB43D616CBFDA700043896 /* ipad_about@2x.png */ = {isa = PBXFileReference; lastKnownFileType = image.png; path = "ipad_about@2x.png"; sourceTree = "<group>"; };
		A0EB43D716CBFDA700043896 /* ipad_plan_active@2x.png */ = {isa = PBXFileReference; lastKnownFileType = image.png; path = "ipad_plan_active@2x.png"; sourceTree = "<group>"; };
		A0EB43D816CBFDA700043896 /* ipad_plan@2x.png */ = {isa = PBXFileReference; lastKnownFileType = image.png; path = "ipad_plan@2x.png"; sourceTree = "<group>"; };
		A0EB43D916CBFDA700043896 /* ipad_settings_active@2x.png */ = {isa = PBXFileReference; lastKnownFileType = image.png; path = "ipad_settings_active@2x.png"; sourceTree = "<group>"; };
		A0EB43DA16CBFDA700043896 /* ipad_settings@2x.png */ = {isa = PBXFileReference; lastKnownFileType = image.png; path = "ipad_settings@2x.png"; sourceTree = "<group>"; };
		A0EB43DB16CBFDA700043896 /* ipad_share_active@2x.png */ = {isa = PBXFileReference; lastKnownFileType = image.png; path = "ipad_share_active@2x.png"; sourceTree = "<group>"; };
		A0EB43DC16CBFDA700043896 /* ipad_share@2x.png */ = {isa = PBXFileReference; lastKnownFileType = image.png; path = "ipad_share@2x.png"; sourceTree = "<group>"; };
		A0EB43E516CBFDD400043896 /* about_active_black.png */ = {isa = PBXFileReference; lastKnownFileType = image.png; path = about_active_black.png; sourceTree = "<group>"; };
		A0EB43E616CBFDD400043896 /* about_normal_black.png */ = {isa = PBXFileReference; lastKnownFileType = image.png; path = about_normal_black.png; sourceTree = "<group>"; };
		A0EB43E916CBFDE000043896 /* about_active_black@2x.png */ = {isa = PBXFileReference; lastKnownFileType = image.png; path = "about_active_black@2x.png"; sourceTree = "<group>"; };
		A0EB43EA16CBFDE000043896 /* about_normal_black@2x.png */ = {isa = PBXFileReference; lastKnownFileType = image.png; path = "about_normal_black@2x.png"; sourceTree = "<group>"; };
		A0EB43ED16CBFE2800043896 /* plan_active_black.png */ = {isa = PBXFileReference; lastKnownFileType = image.png; path = plan_active_black.png; sourceTree = "<group>"; };
		A0EB43EE16CBFE2800043896 /* plan_normal_black.png */ = {isa = PBXFileReference; lastKnownFileType = image.png; path = plan_normal_black.png; sourceTree = "<group>"; };
		A0EB43F116CBFE9D00043896 /* plan_active_black@2x.png */ = {isa = PBXFileReference; lastKnownFileType = image.png; path = "plan_active_black@2x.png"; sourceTree = "<group>"; };
		A0EB43F216CBFE9D00043896 /* plan_normal_black@2x.png */ = {isa = PBXFileReference; lastKnownFileType = image.png; path = "plan_normal_black@2x.png"; sourceTree = "<group>"; };
		A0EB43F516CBFEE900043896 /* settings_active_black.png */ = {isa = PBXFileReference; lastKnownFileType = image.png; path = settings_active_black.png; sourceTree = "<group>"; };
		A0EB43F616CBFEE900043896 /* settings_normal_black.png */ = {isa = PBXFileReference; lastKnownFileType = image.png; path = settings_normal_black.png; sourceTree = "<group>"; };
		A0EB43F916CBFEFC00043896 /* settings_active_black@2x.png */ = {isa = PBXFileReference; lastKnownFileType = image.png; path = "settings_active_black@2x.png"; sourceTree = "<group>"; };
		A0EB43FA16CBFEFC00043896 /* settings_normal_black@2x.png */ = {isa = PBXFileReference; lastKnownFileType = image.png; path = "settings_normal_black@2x.png"; sourceTree = "<group>"; };
		A0EB43FD16CBFF1800043896 /* share_active_black.png */ = {isa = PBXFileReference; lastKnownFileType = image.png; path = share_active_black.png; sourceTree = "<group>"; };
		A0EB43FE16CBFF1800043896 /* share_normal_black.png */ = {isa = PBXFileReference; lastKnownFileType = image.png; path = share_normal_black.png; sourceTree = "<group>"; };
		A0EB440116CBFF1E00043896 /* share_active_black@2x.png */ = {isa = PBXFileReference; lastKnownFileType = image.png; path = "share_active_black@2x.png"; sourceTree = "<group>"; };
		A0EB440216CBFF1E00043896 /* share_normal_black@2x.png */ = {isa = PBXFileReference; lastKnownFileType = image.png; path = "share_normal_black@2x.png"; sourceTree = "<group>"; };
		A0EB440516CBFF8000043896 /* PARTabBar.h */ = {isa = PBXFileReference; fileEncoding = 4; lastKnownFileType = sourcecode.c.h; path = PARTabBar.h; sourceTree = "<group>"; };
		A0EB440616CBFF8000043896 /* PARTabBar.m */ = {isa = PBXFileReference; fileEncoding = 4; lastKnownFileType = sourcecode.c.objc; path = PARTabBar.m; sourceTree = "<group>"; };
/* End PBXFileReference section */

/* Begin PBXFrameworksBuildPhase section */
		A0EB438F16CBFCF100043896 /* Frameworks */ = {
			isa = PBXFrameworksBuildPhase;
			buildActionMask = 2147483647;
			files = (
				A0EB439716CBFCF100043896 /* UIKit.framework in Frameworks */,
				A0EB439916CBFCF100043896 /* Foundation.framework in Frameworks */,
				A0EB439B16CBFCF100043896 /* CoreGraphics.framework in Frameworks */,
			);
			runOnlyForDeploymentPostprocessing = 0;
		};
/* End PBXFrameworksBuildPhase section */

/* Begin PBXGroup section */
		A0EB438716CBFCF100043896 = {
			isa = PBXGroup;
			children = (
				A0EB43BD16CBFD5100043896 /* Tab Bar */,
				A0EB439C16CBFCF100043896 /* PARTabBar */,
				A0EB439516CBFCF100043896 /* Frameworks */,
				A0EB439316CBFCF100043896 /* Products */,
			);
			sourceTree = "<group>";
		};
		A0EB439316CBFCF100043896 /* Products */ = {
			isa = PBXGroup;
			children = (
				A0EB439216CBFCF100043896 /* PARTabBar.app */,
			);
			name = Products;
			sourceTree = "<group>";
		};
		A0EB439516CBFCF100043896 /* Frameworks */ = {
			isa = PBXGroup;
			children = (
				A0EB439616CBFCF100043896 /* UIKit.framework */,
				A0EB439816CBFCF100043896 /* Foundation.framework */,
				A0EB439A16CBFCF100043896 /* CoreGraphics.framework */,
			);
			name = Frameworks;
			sourceTree = "<group>";
		};
		A0EB439C16CBFCF100043896 /* PARTabBar */ = {
			isa = PBXGroup;
			children = (
				A0EB43BE16CBFD5D00043896 /* Images  */,
				A0EB43C216CBFD7200043896 /* Retina Images */,
				A0EB43A516CBFCF100043896 /* PARAppDelegate.h */,
				A0EB43A616CBFCF100043896 /* PARAppDelegate.m */,
				A0EB43AE16CBFCF100043896 /* PARViewController.h */,
				A0EB43AF16CBFCF100043896 /* PARViewController.m */,
				A0EB43B116CBFCF100043896 /* PARViewController.xib */,
				A0EB439D16CBFCF100043896 /* Supporting Files */,
			);
			path = PARTabBar;
			sourceTree = "<group>";
		};
		A0EB439D16CBFCF100043896 /* Supporting Files */ = {
			isa = PBXGroup;
			children = (
				A0EB439E16CBFCF100043896 /* PARTabBar-Info.plist */,
				A0EB439F16CBFCF100043896 /* InfoPlist.strings */,
				A0EB43A216CBFCF100043896 /* main.m */,
				A0EB43A416CBFCF100043896 /* PARTabBar-Prefix.pch */,
				A0EB43A816CBFCF100043896 /* Default.png */,
				A0EB43AA16CBFCF100043896 /* Default@2x.png */,
				A0EB43AC16CBFCF100043896 /* Default-568h@2x.png */,
			);
			name = "Supporting Files";
			sourceTree = "<group>";
		};
		A0EB43BD16CBFD5100043896 /* Tab Bar */ = {
			isa = PBXGroup;
			children = (
				A0EB440516CBFF8000043896 /* PARTabBar.h */,
				A0EB440616CBFF8000043896 /* PARTabBar.m */,
			);
			name = "Tab Bar";
			sourceTree = "<group>";
		};
		A0EB43BE16CBFD5D00043896 /* Images  */ = {
			isa = PBXGroup;
			children = (
				A0EB43C116CBFD6D00043896 /* iPad */,
				A0EB43BF16CBFD6200043896 /* iPhone */,
			);
			name = "Images ";
			sourceTree = "<group>";
		};
		A0EB43BF16CBFD6200043896 /* iPhone */ = {
			isa = PBXGroup;
			children = (
				A0EB43E516CBFDD400043896 /* about_active_black.png */,
				A0EB43E616CBFDD400043896 /* about_normal_black.png */,
				A0EB43ED16CBFE2800043896 /* plan_active_black.png */,
				A0EB43EE16CBFE2800043896 /* plan_normal_black.png */,
				A0EB43F516CBFEE900043896 /* settings_active_black.png */,
				A0EB43F616CBFEE900043896 /* settings_normal_black.png */,
				A0EB43FD16CBFF1800043896 /* share_active_black.png */,
				A0EB43FE16CBFF1800043896 /* share_normal_black.png */,
			);
			name = iPhone;
			sourceTree = "<group>";
		};
		A0EB43C116CBFD6D00043896 /* iPad */ = {
			isa = PBXGroup;
			children = (
				A0EB43C516CBFD9800043896 /* ipad_about_active.png */,
				A0EB43C616CBFD9800043896 /* ipad_about.png */,
				A0EB43C716CBFD9800043896 /* ipad_plan_active.png */,
				A0EB43C816CBFD9800043896 /* ipad_plan.png */,
				A0EB43C916CBFD9800043896 /* ipad_settings_active.png */,
				A0EB43CA16CBFD9800043896 /* ipad_settings.png */,
				A0EB43CB16CBFD9800043896 /* ipad_share_active.png */,
				A0EB43CC16CBFD9800043896 /* ipad_share.png */,
			);
			name = iPad;
			sourceTree = "<group>";
		};
		A0EB43C216CBFD7200043896 /* Retina Images */ = {
			isa = PBXGroup;
			children = (
				A0EB43C316CBFD7700043896 /* iPad */,
				A0EB43C416CBFD7C00043896 /* iPhone */,
			);
			name = "Retina Images";
			sourceTree = "<group>";
		};
		A0EB43C316CBFD7700043896 /* iPad */ = {
			isa = PBXGroup;
			children = (
				A0EB43D516CBFDA700043896 /* ipad_about_active@2x.png */,
				A0EB43D616CBFDA700043896 /* ipad_about@2x.png */,
				A0EB43D716CBFDA700043896 /* ipad_plan_active@2x.png */,
				A0EB43D816CBFDA700043896 /* ipad_plan@2x.png */,
				A0EB43D916CBFDA700043896 /* ipad_settings_active@2x.png */,
				A0EB43DA16CBFDA700043896 /* ipad_settings@2x.png */,
				A0EB43DB16CBFDA700043896 /* ipad_share_active@2x.png */,
				A0EB43DC16CBFDA700043896 /* ipad_share@2x.png */,
			);
			name = iPad;
			sourceTree = "<group>";
		};
		A0EB43C416CBFD7C00043896 /* iPhone */ = {
			isa = PBXGroup;
			children = (
				A0EB43E916CBFDE000043896 /* about_active_black@2x.png */,
				A0EB43EA16CBFDE000043896 /* about_normal_black@2x.png */,
				A0EB43F116CBFE9D00043896 /* plan_active_black@2x.png */,
				A0EB43F216CBFE9D00043896 /* plan_normal_black@2x.png */,
				A0EB43F916CBFEFC00043896 /* settings_active_black@2x.png */,
				A0EB43FA16CBFEFC00043896 /* settings_normal_black@2x.png */,
				A0EB440116CBFF1E00043896 /* share_active_black@2x.png */,
				A0EB440216CBFF1E00043896 /* share_normal_black@2x.png */,
			);
			name = iPhone;
			sourceTree = "<group>";
		};
/* End PBXGroup section */

/* Begin PBXNativeTarget section */
		A0EB439116CBFCF100043896 /* PARTabBar */ = {
			isa = PBXNativeTarget;
			buildConfigurationList = A0EB43B616CBFCF100043896 /* Build configuration list for PBXNativeTarget "PARTabBar" */;
			buildPhases = (
				A0EB438E16CBFCF100043896 /* Sources */,
				A0EB438F16CBFCF100043896 /* Frameworks */,
				A0EB439016CBFCF100043896 /* Resources */,
			);
			buildRules = (
			);
			dependencies = (
			);
			name = PARTabBar;
			productName = PARTabBar;
			productReference = A0EB439216CBFCF100043896 /* PARTabBar.app */;
			productType = "com.apple.product-type.application";
		};
/* End PBXNativeTarget section */

/* Begin PBXProject section */
		A0EB438916CBFCF100043896 /* Project object */ = {
			isa = PBXProject;
			attributes = {
				CLASSPREFIX = PAR;
				LastUpgradeCheck = 0450;
				ORGANIZATIONNAME = "Parabolic River";
			};
			buildConfigurationList = A0EB438C16CBFCF100043896 /* Build configuration list for PBXProject "PARTabBar" */;
			compatibilityVersion = "Xcode 3.2";
			developmentRegion = English;
			hasScannedForEncodings = 0;
			knownRegions = (
				en,
			);
			mainGroup = A0EB438716CBFCF100043896;
			productRefGroup = A0EB439316CBFCF100043896 /* Products */;
			projectDirPath = "";
			projectRoot = "";
			targets = (
				A0EB439116CBFCF100043896 /* PARTabBar */,
			);
		};
/* End PBXProject section */

/* Begin PBXResourcesBuildPhase section */
		A0EB439016CBFCF100043896 /* Resources */ = {
			isa = PBXResourcesBuildPhase;
			buildActionMask = 2147483647;
			files = (
				A0EB43A116CBFCF100043896 /* InfoPlist.strings in Resources */,
				A0EB43A916CBFCF100043896 /* Default.png in Resources */,
				A0EB43AB16CBFCF100043896 /* Default@2x.png in Resources */,
				A0EB43AD16CBFCF100043896 /* Default-568h@2x.png in Resources */,
				A0EB43B316CBFCF100043896 /* PARViewController.xib in Resources */,
				A0EB43CD16CBFD9800043896 /* ipad_about_active.png in Resources */,
				A0EB43CE16CBFD9800043896 /* ipad_about.png in Resources */,
				A0EB43CF16CBFD9800043896 /* ipad_plan_active.png in Resources */,
				A0EB43D016CBFD9800043896 /* ipad_plan.png in Resources */,
				A0EB43D116CBFD9800043896 /* ipad_settings_active.png in Resources */,
				A0EB43D216CBFD9800043896 /* ipad_settings.png in Resources */,
				A0EB43D316CBFD9800043896 /* ipad_share_active.png in Resources */,
				A0EB43D416CBFD9800043896 /* ipad_share.png in Resources */,
				A0EB43DD16CBFDA700043896 /* ipad_about_active@2x.png in Resources */,
				A0EB43DE16CBFDA700043896 /* ipad_about@2x.png in Resources */,
				A0EB43DF16CBFDA700043896 /* ipad_plan_active@2x.png in Resources */,
				A0EB43E016CBFDA700043896 /* ipad_plan@2x.png in Resources */,
				A0EB43E116CBFDA700043896 /* ipad_settings_active@2x.png in Resources */,
				A0EB43E216CBFDA700043896 /* ipad_settings@2x.png in Resources */,
				A0EB43E316CBFDA700043896 /* ipad_share_active@2x.png in Resources */,
				A0EB43E416CBFDA700043896 /* ipad_share@2x.png in Resources */,
				A0EB43E716CBFDD400043896 /* about_active_black.png in Resources */,
				A0EB43E816CBFDD400043896 /* about_normal_black.png in Resources */,
				A0EB43EB16CBFDE000043896 /* about_active_black@2x.png in Resources */,
				A0EB43EC16CBFDE000043896 /* about_normal_black@2x.png in Resources */,
				A0EB43EF16CBFE2800043896 /* plan_active_black.png in Resources */,
				A0EB43F016CBFE2800043896 /* plan_normal_black.png in Resources */,
				A0EB43F316CBFE9D00043896 /* plan_active_black@2x.png in Resources */,
				A0EB43F416CBFE9D00043896 /* plan_normal_black@2x.png in Resources */,
				A0EB43F716CBFEE900043896 /* settings_active_black.png in Resources */,
				A0EB43F816CBFEE900043896 /* settings_normal_black.png in Resources */,
				A0EB43FB16CBFEFC00043896 /* settings_active_black@2x.png in Resources */,
				A0EB43FC16CBFEFC00043896 /* settings_normal_black@2x.png in Resources */,
				A0EB43FF16CBFF1800043896 /* share_active_black.png in Resources */,
				A0EB440016CBFF1800043896 /* share_normal_black.png in Resources */,
				A0EB440316CBFF1E00043896 /* share_active_black@2x.png in Resources */,
				A0EB440416CBFF1E00043896 /* share_normal_black@2x.png in Resources */,
			);
			runOnlyForDeploymentPostprocessing = 0;
		};
/* End PBXResourcesBuildPhase section */

/* Begin PBXSourcesBuildPhase section */
		A0EB438E16CBFCF100043896 /* Sources */ = {
			isa = PBXSourcesBuildPhase;
			buildActionMask = 2147483647;
			files = (
				A0EB43A316CBFCF100043896 /* main.m in Sources */,
				A0EB43A716CBFCF100043896 /* PARAppDelegate.m in Sources */,
				A0EB43B016CBFCF100043896 /* PARViewController.m in Sources */,
				A0EB440716CBFF8000043896 /* PARTabBar.m in Sources */,
			);
			runOnlyForDeploymentPostprocessing = 0;
		};
/* End PBXSourcesBuildPhase section */

/* Begin PBXVariantGroup section */
		A0EB439F16CBFCF100043896 /* InfoPlist.strings */ = {
			isa = PBXVariantGroup;
			children = (
				A0EB43A016CBFCF100043896 /* en */,
			);
			name = InfoPlist.strings;
			sourceTree = "<group>";
		};
		A0EB43B116CBFCF100043896 /* PARViewController.xib */ = {
			isa = PBXVariantGroup;
			children = (
				A0EB43B216CBFCF100043896 /* en */,
			);
			name = PARViewController.xib;
			sourceTree = "<group>";
		};
/* End PBXVariantGroup section */

/* Begin XCBuildConfiguration section */
		A0EB43B416CBFCF100043896 /* Debug */ = {
			isa = XCBuildConfiguration;
			buildSettings = {
				ALWAYS_SEARCH_USER_PATHS = NO;
				CLANG_CXX_LANGUAGE_STANDARD = "gnu++0x";
				CLANG_CXX_LIBRARY = "libc++";
				CLANG_ENABLE_OBJC_ARC = YES;
				CLANG_WARN_EMPTY_BODY = YES;
				CLANG_WARN__DUPLICATE_METHOD_MATCH = YES;
				"CODE_SIGN_IDENTITY[sdk=iphoneos*]" = "iPhone Developer";
				COPY_PHASE_STRIP = NO;
				GCC_C_LANGUAGE_STANDARD = gnu99;
				GCC_DYNAMIC_NO_PIC = NO;
				GCC_OPTIMIZATION_LEVEL = 0;
				GCC_PREPROCESSOR_DEFINITIONS = (
					"DEBUG=1",
					"$(inherited)",
				);
				GCC_SYMBOLS_PRIVATE_EXTERN = NO;
				GCC_WARN_ABOUT_RETURN_TYPE = YES;
				GCC_WARN_UNINITIALIZED_AUTOS = YES;
				GCC_WARN_UNUSED_VARIABLE = YES;
				IPHONEOS_DEPLOYMENT_TARGET = 6.0;
				SDKROOT = iphoneos;
				TARGETED_DEVICE_FAMILY = 2;
			};
			name = Debug;
		};
		A0EB43B516CBFCF100043896 /* Release */ = {
			isa = XCBuildConfiguration;
			buildSettings = {
				ALWAYS_SEARCH_USER_PATHS = NO;
				CLANG_CXX_LANGUAGE_STANDARD = "gnu++0x";
				CLANG_CXX_LIBRARY = "libc++";
				CLANG_ENABLE_OBJC_ARC = YES;
				CLANG_WARN_EMPTY_BODY = YES;
				CLANG_WARN__DUPLICATE_METHOD_MATCH = YES;
				"CODE_SIGN_IDENTITY[sdk=iphoneos*]" = "iPhone Developer";
				COPY_PHASE_STRIP = YES;
				GCC_C_LANGUAGE_STANDARD = gnu99;
				GCC_WARN_ABOUT_RETURN_TYPE = YES;
				GCC_WARN_UNINITIALIZED_AUTOS = YES;
				GCC_WARN_UNUSED_VARIABLE = YES;
				IPHONEOS_DEPLOYMENT_TARGET = 6.0;
				OTHER_CFLAGS = "-DNS_BLOCK_ASSERTIONS=1";
				SDKROOT = iphoneos;
				TARGETED_DEVICE_FAMILY = 2;
				VALIDATE_PRODUCT = YES;
			};
			name = Release;
		};
		A0EB43B716CBFCF100043896 /* Debug */ = {
			isa = XCBuildConfiguration;
			buildSettings = {
				GCC_PRECOMPILE_PREFIX_HEADER = YES;
				GCC_PREFIX_HEADER = "PARTabBar/PARTabBar-Prefix.pch";
				INFOPLIST_FILE = "PARTabBar/PARTabBar-Info.plist";
				PRODUCT_NAME = "$(TARGET_NAME)";
				WRAPPER_EXTENSION = app;
			};
			name = Debug;
		};
		A0EB43B816CBFCF100043896 /* Release */ = {
			isa = XCBuildConfiguration;
			buildSettings = {
				GCC_PRECOMPILE_PREFIX_HEADER = YES;
				GCC_PREFIX_HEADER = "PARTabBar/PARTabBar-Prefix.pch";
				INFOPLIST_FILE = "PARTabBar/PARTabBar-Info.plist";
				PRODUCT_NAME = "$(TARGET_NAME)";
				WRAPPER_EXTENSION = app;
			};
			name = Release;
		};
/* End XCBuildConfiguration section */

/* Begin XCConfigurationList section */
		A0EB438C16CBFCF100043896 /* Build configuration list for PBXProject "PARTabBar" */ = {
			isa = XCConfigurationList;
			buildConfigurations = (
				A0EB43B416CBFCF100043896 /* Debug */,
				A0EB43B516CBFCF100043896 /* Release */,
			);
			defaultConfigurationIsVisible = 0;
			defaultConfigurationName = Release;
		};
		A0EB43B616CBFCF100043896 /* Build configuration list for PBXNativeTarget "PARTabBar" */ = {
			isa = XCConfigurationList;
			buildConfigurations = (
				A0EB43B716CBFCF100043896 /* Debug */,
				A0EB43B816CBFCF100043896 /* Release */,
			);
			defaultConfigurationIsVisible = 0;
		};
/* End XCConfigurationList section */
	};
	rootObject = A0EB438916CBFCF100043896 /* Project object */;
}
